
Microsoft Visual Studio Solution File, Format Version 12.00
# Visual Studio Version 16
VisualStudioVersion = 16.0.29306.81
MinimumVisualStudioVersion = 10.0.40219.1
Project("{FAE04EC0-301F-11D3-BF4B-00C04F79EFBC}") = "PIDD windows form Csharp", "PIDD windows form Csharp.csproj", "{10BA154F-2837-4E07-A5A2-F4086DBC7485}"
EndProject
Global
	GlobalSection(SolutionConfigurationPlatforms) = preSolution
		Debug|Any CPU = Debug|Any CPU
		Release|Any CPU = Release|Any CPU
	EndGlobalSection
	GlobalSection(ProjectConfigurationPlatforms) = postSolution
		{10BA154F-2837-4E07-A5A2-F4086DBC7485}.Debug|Any CPU.ActiveCfg = Debug|Any CPU
		{10BA154F-2837-4E07-A5A2-F4086DBC7485}.Debug|Any CPU.Build.0 = Debug|Any CPU
		{10BA154F-2837-4E07-A5A2-F4086DBC7485}.Release|Any CPU.ActiveCfg = Release|Any CPU
		{10BA154F-2837-4E07-A5A2-F4086DBC7485}.Release|Any CPU.Build.0 = Release|Any CPU
	EndGlobalSection
	GlobalSection(SolutionProperties) = preSolution
		HideSolutionNode = FALSE
	EndGlobalSection
	GlobalSection(ExtensibilityGlobals) = postSolution
		SolutionGuid = {E3D79C7F-0EA2-406D-B382-6301B93EC5FB}
	EndGlobalSection
EndGlobal
